
Microsoft Visual Studio Solution File, Format Version 12.00
# Visual Studio 15
VisualStudioVersion = 15.0.28307.329
MinimumVisualStudioVersion = 10.0.40219.1
Project("{FAE04EC0-301F-11D3-BF4B-00C04F79EFBC}") = "Sigma_XML", "Sigma_XML\Sigma_XML.csproj", "{34CB4493-EE38-44BF-84A3-2FDE99B75F37}"
EndProject
Global
	GlobalSection(SolutionConfigurationPlatforms) = preSolution
		Debug|Any CPU = Debug|Any CPU
		Release|Any CPU = Release|Any CPU
	EndGlobalSection
	GlobalSection(ProjectConfigurationPlatforms) = postSolution
		{34CB4493-EE38-44BF-84A3-2FDE99B75F37}.Debug|Any CPU.ActiveCfg = Debug|Any CPU
		{34CB4493-EE38-44BF-84A3-2FDE99B75F37}.Debug|Any CPU.Build.0 = Debug|Any CPU
		{34CB4493-EE38-44BF-84A3-2FDE99B75F37}.Release|Any CPU.ActiveCfg = Release|Any CPU
		{34CB4493-EE38-44BF-84A3-2FDE99B75F37}.Release|Any CPU.Build.0 = Release|Any CPU
	EndGlobalSection
	GlobalSection(SolutionProperties) = preSolution
		HideSolutionNode = FALSE
	EndGlobalSection
	GlobalSection(ExtensibilityGlobals) = postSolution
		SolutionGuid = {4BFAC823-E773-4C83-A53E-78E7C151ED69}
	EndGlobalSection
EndGlobal
